// !$*UTF8*$!
{
	archiveVersion = 1;
	classes = {};
	objectVersion = 56;
	objects = {

/* Begin PBXBuildFile section */
		A10000000000000000000001 /* TrypsRideshare.swift in Sources */ = {isa = PBXBuildFile; fileRef = A10000000000000000000011 /* TrypsRideshare.swift */; };
		A10000000000000000000002 /* ContentView.swift in Sources */ = {isa = PBXBuildFile; fileRef = A10000000000000000000012 /* ContentView.swift */; };
		A10000000000000000000003 /* BookingReadiness.swift in Sources */ = {isa = PBXBuildFile; fileRef = A10000000000000000000014 /* BookingReadiness.swift */; };
		A10000000000000000000004 /* BookingFare.swift in Sources */ = {isa = PBXBuildFile; fileRef = A10000000000000000000015 /* BookingFare.swift */; };
		A10000000000000000000005 /* FirebaseAccount.swift in Sources */ = {isa = PBXBuildFile; fileRef = A10000000000000000000016 /* FirebaseAccount.swift */; };
		A10000000000000000000006 /* FirebaseAuth in Frameworks */ = {isa = PBXBuildFile; productRef = A10000000000000000000082 /* FirebaseAuth */; };
		A10000000000000000000007 /* FirebaseCore in Frameworks */ = {isa = PBXBuildFile; productRef = A10000000000000000000083 /* FirebaseCore */; };
		A10000000000000000000008 /* FirebaseFirestore in Frameworks */ = {isa = PBXBuildFile; productRef = A10000000000000000000084 /* FirebaseFirestore */; };
		A10000000000000000000009 /* FirebaseFunctions in Frameworks */ = {isa = PBXBuildFile; productRef = A10000000000000000000085 /* FirebaseFunctions */; };
		A1000000000000000000000A /* StripePaymentSheet in Frameworks */ = {isa = PBXBuildFile; productRef = A10000000000000000000087 /* StripePaymentSheet */; };
		A1000000000000000000000B /* FirebaseRideService.swift in Sources */ = {isa = PBXBuildFile; fileRef = A10000000000000000000017 /* FirebaseRideService.swift */; };
		A1000000000000000000000C /* FirebaseDriverView.swift in Sources */ = {isa = PBXBuildFile; fileRef = A10000000000000000000018 /* FirebaseDriverView.swift */; };
/* End PBXBuildFile section */

/* Begin PBXFileReference section */
		A10000000000000000000011 /* TrypsRideshare.swift */ = {isa = PBXFileReference; lastKnownFileType = sourcecode.swift; path = TrypsRideshare.swift; sourceTree = "<group>"; };
		A10000000000000000000012 /* ContentView.swift */ = {isa = PBXFileReference; lastKnownFileType = sourcecode.swift; path = ContentView.swift; sourceTree = "<group>"; };
		A10000000000000000000013 /* TrypsRideshare.app */ = {isa = PBXFileReference; explicitFileType = wrapper.application; includeInIndex = 0; path = TrypsRideshare.app; sourceTree = BUILT_PRODUCTS_DIR; };
		A10000000000000000000014 /* BookingReadiness.swift */ = {isa = PBXFileReference; lastKnownFileType = sourcecode.swift; path = BookingReadiness.swift; sourceTree = "<group>"; };
		A10000000000000000000015 /* BookingFare.swift */ = {isa = PBXFileReference; lastKnownFileType = sourcecode.swift; path = BookingFare.swift; sourceTree = "<group>"; };
		A10000000000000000000016 /* FirebaseAccount.swift */ = {isa = PBXFileReference; lastKnownFileType = sourcecode.swift; path = FirebaseAccount.swift; sourceTree = "<group>"; };
		A10000000000000000000017 /* FirebaseRideService.swift */ = {isa = PBXFileReference; lastKnownFileType = sourcecode.swift; path = FirebaseRideService.swift; sourceTree = "<group>"; };
		A10000000000000000000018 /* FirebaseDriverView.swift */ = {isa = PBXFileReference; lastKnownFileType = sourcecode.swift; path = FirebaseDriverView.swift; sourceTree = "<group>"; };
/* End PBXFileReference section */

/* Begin PBXFrameworksBuildPhase section */
		A10000000000000000000021 /* Frameworks */ = {
			isa = PBXFrameworksBuildPhase;
			buildActionMask = 2147483647;
			files = (
				A10000000000000000000006 /* FirebaseAuth in Frameworks */,
				A10000000000000000000007 /* FirebaseCore in Frameworks */,
				A10000000000000000000008 /* FirebaseFirestore in Frameworks */,
				A10000000000000000000009 /* FirebaseFunctions in Frameworks */,
				A1000000000000000000000A /* StripePaymentSheet in Frameworks */,
			);
			runOnlyForDeploymentPostprocessing = 0;
		};
/* End PBXFrameworksBuildPhase section */

/* Begin PBXGroup section */
		A10000000000000000000031 = {
			isa = PBXGroup;
			children = (
				A10000000000000000000032 /* Sources */,
				A10000000000000000000033 /* Products */,
			);
			sourceTree = "<group>";
		};
		A10000000000000000000032 /* Sources */ = {
			isa = PBXGroup;
			children = (
				A10000000000000000000011 /* TrypsRideshare.swift */,
				A10000000000000000000012 /* ContentView.swift */,
				A10000000000000000000014 /* BookingReadiness.swift */,
				A10000000000000000000015 /* BookingFare.swift */,
				A10000000000000000000016 /* FirebaseAccount.swift */,
				A10000000000000000000017 /* FirebaseRideService.swift */,
				A10000000000000000000018 /* FirebaseDriverView.swift */,
			);
			path = Sources/TrypsRideshare;
			sourceTree = "<group>";
		};
		A10000000000000000000033 /* Products */ = {
			isa = PBXGroup;
			children = (
				A10000000000000000000013 /* TrypsRideshare.app */,
			);
			name = Products;
			sourceTree = "<group>";
		};
/* End PBXGroup section */

/* Begin PBXNativeTarget section */
		A10000000000000000000041 /* TrypsRideshare */ = {
			isa = PBXNativeTarget;
			buildConfigurationList = A10000000000000000000061 /* Build configuration list for PBXNativeTarget "TrypsRideshare" */;
			buildPhases = (
				A10000000000000000000051 /* Sources */,
				A10000000000000000000021 /* Frameworks */,
				A10000000000000000000052 /* Resources */,
			);
			buildRules = ();
			dependencies = ();
			packageProductDependencies = (
				A10000000000000000000082 /* FirebaseAuth */,
				A10000000000000000000083 /* FirebaseCore */,
				A10000000000000000000084 /* FirebaseFirestore */,
				A10000000000000000000085 /* FirebaseFunctions */,
				A10000000000000000000087 /* StripePaymentSheet */,
			);
			name = TrypsRideshare;
			productName = TrypsRideshare;
			productReference = A10000000000000000000013 /* TrypsRideshare.app */;
			productType = "com.apple.product-type.application";
		};
/* End PBXNativeTarget section */

/* Begin PBXProject section */
		A10000000000000000000042 /* Project object */ = {
			isa = PBXProject;
			attributes = {
				BuildIndependentTargetsInParallel = 1;
				LastUpgradeCheck = 1600;
				TargetAttributes = {
					A10000000000000000000041 = {
						CreatedOnToolsVersion = 16.0;
					};
				};
			};
			buildConfigurationList = A10000000000000000000062 /* Build configuration list for PBXProject "TrypsRideshare" */;
			compatibilityVersion = "Xcode 15.0";
			developmentRegion = en;
			hasScannedForEncodings = 0;
			knownRegions = (en, Base);
			mainGroup = A10000000000000000000031;
			productRefGroup = A10000000000000000000033 /* Products */;
			projectDirPath = "";
			projectRoot = "";
			targets = (
				A10000000000000000000041 /* TrypsRideshare */,
			);
			packageReferences = (
				A10000000000000000000081 /* XCRemoteSwiftPackageReference "firebase-ios-sdk" */,
				A10000000000000000000086 /* XCRemoteSwiftPackageReference "stripe-ios-spm" */,
			);
		};
/* End PBXProject section */

/* Begin PBXResourcesBuildPhase section */
		A10000000000000000000052 /* Resources */ = {
			isa = PBXResourcesBuildPhase;
			buildActionMask = 2147483647;
			files = ();
			runOnlyForDeploymentPostprocessing = 0;
		};
/* End PBXResourcesBuildPhase section */

/* Begin PBXSourcesBuildPhase section */
		A10000000000000000000051 /* Sources */ = {
			isa = PBXSourcesBuildPhase;
			buildActionMask = 2147483647;
			files = (
				A10000000000000000000001 /* TrypsRideshare.swift in Sources */,
				A10000000000000000000002 /* ContentView.swift in Sources */,
				A10000000000000000000003 /* BookingReadiness.swift in Sources */,
				A10000000000000000000004 /* BookingFare.swift in Sources */,
				A10000000000000000000005 /* FirebaseAccount.swift in Sources */,
				A1000000000000000000000B /* FirebaseRideService.swift in Sources */,
				A1000000000000000000000C /* FirebaseDriverView.swift in Sources */,
			);
			runOnlyForDeploymentPostprocessing = 0;
		};
/* End PBXSourcesBuildPhase section */

/* Begin XCBuildConfiguration section */
		A10000000000000000000071 /* Debug */ = {
			isa = XCBuildConfiguration;
			buildSettings = {
				GENERATE_INFOPLIST_FILE = YES;
				INFOPLIST_KEY_CFBundleDisplayName = Tryps;
				INFOPLIST_KEY_UILaunchScreen_Generation = YES;
				INFOPLIST_KEY_NSLocationWhenInUseUsageDescription = "Tryps uses your location to set your pickup and calculate your route.";
				IPHONEOS_DEPLOYMENT_TARGET = 17.0;
				PRODUCT_BUNDLE_IDENTIFIER = com.tryps.rideshare;
				PRODUCT_NAME = "$(TARGET_NAME)";
				SWIFT_VERSION = 6.0;
				TARGETED_DEVICE_FAMILY = "1,2";
			};
			name = Debug;
		};
		A10000000000000000000072 /* Release */ = {
			isa = XCBuildConfiguration;
			buildSettings = {
				GENERATE_INFOPLIST_FILE = YES;
				INFOPLIST_KEY_CFBundleDisplayName = Tryps;
				INFOPLIST_KEY_UILaunchScreen_Generation = YES;
				INFOPLIST_KEY_NSLocationWhenInUseUsageDescription = "Tryps uses your location to set your pickup and calculate your route.";
				IPHONEOS_DEPLOYMENT_TARGET = 17.0;
				PRODUCT_BUNDLE_IDENTIFIER = com.tryps.rideshare;
				PRODUCT_NAME = "$(TARGET_NAME)";
				SWIFT_VERSION = 6.0;
				TARGETED_DEVICE_FAMILY = "1,2";
			};
			name = Release;
		};
		A10000000000000000000073 /* Debug */ = {
			isa = XCBuildConfiguration;
			buildSettings = {
				ALWAYS_SEARCH_USER_PATHS = NO;
				CLANG_ENABLE_MODULES = YES;
				IPHONEOS_DEPLOYMENT_TARGET = 17.0;
				SDKROOT = iphoneos;
				SWIFT_VERSION = 6.0;
			};
			name = Debug;
		};
		A10000000000000000000074 /* Release */ = {
			isa = XCBuildConfiguration;
			buildSettings = {
				ALWAYS_SEARCH_USER_PATHS = NO;
				CLANG_ENABLE_MODULES = YES;
				IPHONEOS_DEPLOYMENT_TARGET = 17.0;
				SDKROOT = iphoneos;
				SWIFT_VERSION = 6.0;
			};
			name = Release;
		};
/* End XCBuildConfiguration section */

/* Begin XCConfigurationList section */
		A10000000000000000000061 /* Build configuration list for PBXNativeTarget "TrypsRideshare" */ = {
			isa = XCConfigurationList;
			buildConfigurations = (
				A10000000000000000000071 /* Debug */,
				A10000000000000000000072 /* Release */,
			);
			defaultConfigurationIsVisible = 0;
			defaultConfigurationName = Release;
		};
		A10000000000000000000062 /* Build configuration list for PBXProject "TrypsRideshare" */ = {
			isa = XCConfigurationList;
			buildConfigurations = (
				A10000000000000000000073 /* Debug */,
				A10000000000000000000074 /* Release */,
			);
			defaultConfigurationIsVisible = 0;
			defaultConfigurationName = Release;
		};
/* End XCConfigurationList section */

/* Begin XCRemoteSwiftPackageReference section */
		A10000000000000000000081 /* XCRemoteSwiftPackageReference "firebase-ios-sdk" */ = {
			isa = XCRemoteSwiftPackageReference;
			repositoryURL = "https://github.com/firebase/firebase-ios-sdk.git";
			requirement = {
				kind = upToNextMajorVersion;
				minimumVersion = 12.19.2;
			};
		};
/* End XCRemoteSwiftPackageReference section */

/* Begin XCSwiftPackageProductDependency section */
		A10000000000000000000082 /* FirebaseAuth */ = {
			isa = XCSwiftPackageProductDependency;
			package = A10000000000000000000081 /* XCRemoteSwiftPackageReference "firebase-ios-sdk" */;
			productName = FirebaseAuth;
		};
		A10000000000000000000083 /* FirebaseCore */ = {
			isa = XCSwiftPackageProductDependency;
			package = A10000000000000000000081 /* XCRemoteSwiftPackageReference "firebase-ios-sdk" */;
			productName = FirebaseCore;
		};
		A10000000000000000000084 /* FirebaseFirestore */ = {
			isa = XCSwiftPackageProductDependency;
			package = A10000000000000000000081 /* XCRemoteSwiftPackageReference "firebase-ios-sdk" */;
			productName = FirebaseFirestore;
		};
		A10000000000000000000085 /* FirebaseFunctions */ = {
			isa = XCSwiftPackageProductDependency;
			package = A10000000000000000000081 /* XCRemoteSwiftPackageReference "firebase-ios-sdk" */;
			productName = FirebaseFunctions;
		};
		A10000000000000000000087 /* StripePaymentSheet */ = {
			isa = XCSwiftPackageProductDependency;
			package = A10000000000000000000086 /* XCRemoteSwiftPackageReference "stripe-ios-spm" */;
			productName = StripePaymentSheet;
		};
/* End XCSwiftPackageProductDependency section */

/* Begin XCRemoteSwiftPackageReference section */
		A10000000000000000000086 /* XCRemoteSwiftPackageReference "stripe-ios-spm" */ = {
			isa = XCRemoteSwiftPackageReference;
			repositoryURL = "https://github.com/stripe/stripe-ios-spm.git";
			requirement = {
				kind = upToNextMajorVersion;
				minimumVersion = 26.12.1;
			};
		};
/* End XCRemoteSwiftPackageReference section */
	};
	rootObject = A10000000000000000000042 /* Project object */;
}
